Microsoft Visual Studio Solution File, Format Version 12.00
# Visual Studio Version 17
VisualStudioVersion = 17.0.31903.59
MinimumVisualStudioVersion = 10.0.40219.1

Project("{2150E333-8FDC-42A3-9474-1A3956D46DE8}") = "DotNet", "DotNet", "{46008B91-6EC0-448B-8D1A-D8C6D2EEBEF4}"
EndProject
Project("{9A19103F-16F7-4668-BE54-9A1E7A4F7556}") = "DotNet.Core", "DotNet\Core\DotNet.Core.csproj", "{20CA1FD3-A23B-4F12-ADA5-C3B759814F9D}"
EndProject
Project("{FAE04EC0-301F-11D3-BF4B-00C04F79EFBC}") = "DotNet.ThirdParty", "DotNet\ThirdParty\DotNet.ThirdParty.csproj", "{0A088B3F-59FA-4C1F-BABC-29A4FAA40AC9}"
EndProject
Project("{FAE04EC0-301F-11D3-BF4B-00C04F79EFBC}") = "DotNet.Model", "DotNet\Model\DotNet.Model.csproj", "{0752B757-CD90-4E6F-A7C9-6143F72B5FDF}"
EndProject
Project("{FAE04EC0-301F-11D3-BF4B-00C04F79EFBC}") = "DotNet.Hotfix", "DotNet\Hotfix\DotNet.Hotfix.csproj", "{28B677AF-5EF7-4941-9C72-5CB3E7BB6FD3}"
EndProject
Project("{FAE04EC0-301F-11D3-BF4B-00C04F79EFBC}") = "DotNet.App", "DotNet\App\DotNet.App.csproj", "{FD54373A-82AE-4F5B-BD23-890824DED9DA}"
EndProject
Project("{2150E333-8FDC-42A3-9474-1A3956D46DE8}") = "Unity", "Unity", "{E366B339-935D-4EFA-95D7-21FBBE9809C6}"
EndProject
Project("{FAE04EC0-301F-11D3-BF4B-00C04F79EFBC}") = "Unity.Core", "Unity\Core\Unity.Core.csproj", "{89861970-C0D5-4DD0-BDD2-C64AAA8CC1DF}"
EndProject
Project("{FAE04EC0-301F-11D3-BF4B-00C04F79EFBC}") = "Unity.Hotfix", "Unity\Hotfix\Unity.Hotfix.csproj", "{97791A09-0B9E-4EAD-8852-C25E613680B7}"
EndProject
Project("{FAE04EC0-301F-11D3-BF4B-00C04F79EFBC}") = "Unity.HotfixView", "Unity\HotfixView\Unity.HotfixView.csproj", "{8F1965DF-274B-4231-84F3-5F1B8DECF71F}"
EndProject
Project("{FAE04EC0-301F-11D3-BF4B-00C04F79EFBC}") = "Unity.Loader", "Unity\Loader\Unity.Loader.csproj", "{C2593525-266E-4D56-AD26-BB0021CC0DB5}"
EndProject
Project("{FAE04EC0-301F-11D3-BF4B-00C04F79EFBC}") = "Unity.Model", "Unity\Model\Unity.Model.csproj", "{9C0C0B0B-0A33-4154-9DC9-BF91FD036160}"
EndProject
Project("{FAE04EC0-301F-11D3-BF4B-00C04F79EFBC}") = "Unity.ModelView", "Unity\ModelView\Unity.ModelView.csproj", "{523EFE3E-9D05-4885-BCFA-44643C0F2827}"
EndProject
Project("{FAE04EC0-301F-11D3-BF4B-00C04F79EFBC}") = "Unity.ThirdParty", "Unity\ThirdParty\Unity.ThirdParty.csproj", "{2338C712-1EA2-4294-A6CD-C86084C9A970}"
EndProject
Project("{FAE04EC0-301F-11D3-BF4B-00C04F79EFBC}") = "DotNet.Loader", "DotNet\Loader\DotNet.Loader.csproj", "{FF95819C-78AC-4F64-9826-A102DB38757B}"
EndProject
Project("{FAE04EC0-301F-11D3-BF4B-00C04F79EFBC}") = "Unity.App", "Unity\App\Unity.App.csproj", "{5BA66C26-D31B-4400-8458-A635245077E9}"
EndProject
Project("{2150E333-8FDC-42A3-9474-1A3956D46DE8}") = "Tools", "Tools", "{AA1E7726-FCAD-4C18-A78D-A7F3E3C45A69}"
EndProject
Project("{FAE04EC0-301F-11D3-BF4B-00C04F79EFBC}") = "Editor", "Tools\Editor\Editor.csproj", "{F1105473-9F80-47AC-9A18-EBD2D01D7496}"
EndProject
Project("{FAE04EC0-301F-11D3-BF4B-00C04F79EFBC}") = "Analyzer", "Tools\Analyzer\Analyzer.csproj", "{514C8EEE-84EC-45CE-98E9-17811E52CCC6}"
EndProject
Project("{FAE04EC0-301F-11D3-BF4B-00C04F79EFBC}") = "SourceGenerator", "Tools\SourceGenerator\SourceGenerator.csproj", "{F068A95D-CBD3-445D-A65D-8C7107517566}"
EndProject
Project("{FAE04EC0-301F-11D3-BF4B-00C04F79EFBC}") = "ShaderGenerator", "Tools\ShaderGenerator\ShaderGenerator.csproj", "{58444463-88CA-4969-BA4B-65E2C1BD3CEC}"
EndProject
Project("{FAE04EC0-301F-11D3-BF4B-00C04F79EFBC}") = "LubanGenerator", "Tools\LubanGenerator\LubanGenerator.csproj", "{0BBC55F9-651A-412D-AEDD-00E206B0D105}"
EndProject

Global
	GlobalSection(SolutionConfigurationPlatforms) = preSolution
		Debug|Any CPU = Debug|Any CPU
		Release|Any CPU = Release|Any CPU
	EndGlobalSection
	GlobalSection(ProjectConfigurationPlatforms) = postSolution
		{20CA1FD3-A23B-4F12-ADA5-C3B759814F9D}.Debug|Any CPU.ActiveCfg = Debug|Any CPU
		{20CA1FD3-A23B-4F12-ADA5-C3B759814F9D}.Debug|Any CPU.Build.0 = Debug|Any CPU
		{20CA1FD3-A23B-4F12-ADA5-C3B759814F9D}.Release|Any CPU.ActiveCfg = Release|Any CPU
		{20CA1FD3-A23B-4F12-ADA5-C3B759814F9D}.Release|Any CPU.Build.0 = Release|Any CPU
		{0A088B3F-59FA-4C1F-BABC-29A4FAA40AC9}.Debug|Any CPU.ActiveCfg = Debug|Any CPU
		{0A088B3F-59FA-4C1F-BABC-29A4FAA40AC9}.Debug|Any CPU.Build.0 = Debug|Any CPU
		{0A088B3F-59FA-4C1F-BABC-29A4FAA40AC9}.Release|Any CPU.ActiveCfg = Release|Any CPU
		{0A088B3F-59FA-4C1F-BABC-29A4FAA40AC9}.Release|Any CPU.Build.0 = Release|Any CPU
		{0752B757-CD90-4E6F-A7C9-6143F72B5FDF}.Debug|Any CPU.ActiveCfg = Debug|Any CPU
		{0752B757-CD90-4E6F-A7C9-6143F72B5FDF}.Debug|Any CPU.Build.0 = Debug|Any CPU
		{0752B757-CD90-4E6F-A7C9-6143F72B5FDF}.Release|Any CPU.ActiveCfg = Release|Any CPU
		{0752B757-CD90-4E6F-A7C9-6143F72B5FDF}.Release|Any CPU.Build.0 = Release|Any CPU
		{28B677AF-5EF7-4941-9C72-5CB3E7BB6FD3}.Debug|Any CPU.ActiveCfg = Debug|Any CPU
		{28B677AF-5EF7-4941-9C72-5CB3E7BB6FD3}.Debug|Any CPU.Build.0 = Debug|Any CPU
		{28B677AF-5EF7-4941-9C72-5CB3E7BB6FD3}.Release|Any CPU.ActiveCfg = Release|Any CPU
		{28B677AF-5EF7-4941-9C72-5CB3E7BB6FD3}.Release|Any CPU.Build.0 = Release|Any CPU
		{89861970-C0D5-4DD0-BDD2-C64AAA8CC1DF}.Debug|Any CPU.ActiveCfg = Debug|Any CPU
		{89861970-C0D5-4DD0-BDD2-C64AAA8CC1DF}.Debug|Any CPU.Build.0 = Debug|Any CPU
		{89861970-C0D5-4DD0-BDD2-C64AAA8CC1DF}.Release|Any CPU.ActiveCfg = Release|Any CPU
		{89861970-C0D5-4DD0-BDD2-C64AAA8CC1DF}.Release|Any CPU.Build.0 = Release|Any CPU
		{97791A09-0B9E-4EAD-8852-C25E613680B7}.Debug|Any CPU.ActiveCfg = Debug|Any CPU
		{97791A09-0B9E-4EAD-8852-C25E613680B7}.Debug|Any CPU.Build.0 = Debug|Any CPU
		{97791A09-0B9E-4EAD-8852-C25E613680B7}.Release|Any CPU.ActiveCfg = Release|Any CPU
		{97791A09-0B9E-4EAD-8852-C25E613680B7}.Release|Any CPU.Build.0 = Release|Any CPU
		{8F1965DF-274B-4231-84F3-5F1B8DECF71F}.Debug|Any CPU.ActiveCfg = Debug|Any CPU
		{8F1965DF-274B-4231-84F3-5F1B8DECF71F}.Debug|Any CPU.Build.0 = Debug|Any CPU
		{8F1965DF-274B-4231-84F3-5F1B8DECF71F}.Release|Any CPU.ActiveCfg = Release|Any CPU
		{8F1965DF-274B-4231-84F3-5F1B8DECF71F}.Release|Any CPU.Build.0 = Release|Any CPU
		{C2593525-266E-4D56-AD26-BB0021CC0DB5}.Debug|Any CPU.ActiveCfg = Debug|Any CPU
		{C2593525-266E-4D56-AD26-BB0021CC0DB5}.Debug|Any CPU.Build.0 = Debug|Any CPU
		{C2593525-266E-4D56-AD26-BB0021CC0DB5}.Release|Any CPU.ActiveCfg = Release|Any CPU
		{C2593525-266E-4D56-AD26-BB0021CC0DB5}.Release|Any CPU.Build.0 = Release|Any CPU
		{9C0C0B0B-0A33-4154-9DC9-BF91FD036160}.Debug|Any CPU.ActiveCfg = Debug|Any CPU
		{9C0C0B0B-0A33-4154-9DC9-BF91FD036160}.Debug|Any CPU.Build.0 = Debug|Any CPU
		{9C0C0B0B-0A33-4154-9DC9-BF91FD036160}.Release|Any CPU.ActiveCfg = Release|Any CPU
		{9C0C0B0B-0A33-4154-9DC9-BF91FD036160}.Release|Any CPU.Build.0 = Release|Any CPU
		{523EFE3E-9D05-4885-BCFA-44643C0F2827}.Debug|Any CPU.ActiveCfg = Debug|Any CPU
		{523EFE3E-9D05-4885-BCFA-44643C0F2827}.Debug|Any CPU.Build.0 = Debug|Any CPU
		{523EFE3E-9D05-4885-BCFA-44643C0F2827}.Release|Any CPU.ActiveCfg = Release|Any CPU
		{523EFE3E-9D05-4885-BCFA-44643C0F2827}.Release|Any CPU.Build.0 = Release|Any CPU
		{2338C712-1EA2-4294-A6CD-C86084C9A970}.Debug|Any CPU.ActiveCfg = Debug|Any CPU
		{2338C712-1EA2-4294-A6CD-C86084C9A970}.Debug|Any CPU.Build.0 = Debug|Any CPU
		{2338C712-1EA2-4294-A6CD-C86084C9A970}.Release|Any CPU.ActiveCfg = Release|Any CPU
		{2338C712-1EA2-4294-A6CD-C86084C9A970}.Release|Any CPU.Build.0 = Release|Any CPU
		{FF95819C-78AC-4F64-9826-A102DB38757B}.Debug|Any CPU.ActiveCfg = Debug|Any CPU
		{FF95819C-78AC-4F64-9826-A102DB38757B}.Debug|Any CPU.Build.0 = Debug|Any CPU
		{FF95819C-78AC-4F64-9826-A102DB38757B}.Release|Any CPU.ActiveCfg = Release|Any CPU
		{FF95819C-78AC-4F64-9826-A102DB38757B}.Release|Any CPU.Build.0 = Release|Any CPU
		{FD54373A-82AE-4F5B-BD23-890824DED9DA}.Debug|Any CPU.ActiveCfg = Debug|Any CPU
		{FD54373A-82AE-4F5B-BD23-890824DED9DA}.Debug|Any CPU.Build.0 = Debug|Any CPU
		{FD54373A-82AE-4F5B-BD23-890824DED9DA}.Release|Any CPU.ActiveCfg = Release|Any CPU
		{FD54373A-82AE-4F5B-BD23-890824DED9DA}.Release|Any CPU.Build.0 = Release|Any CPU
		{5BA66C26-D31B-4400-8458-A635245077E9}.Debug|Any CPU.ActiveCfg = Debug|Any CPU
		{5BA66C26-D31B-4400-8458-A635245077E9}.Debug|Any CPU.Build.0 = Debug|Any CPU
		{5BA66C26-D31B-4400-8458-A635245077E9}.Release|Any CPU.ActiveCfg = Release|Any CPU
		{5BA66C26-D31B-4400-8458-A635245077E9}.Release|Any CPU.Build.0 = Release|Any CPU
		{F1105473-9F80-47AC-9A18-EBD2D01D7496}.Debug|Any CPU.ActiveCfg = Debug|Any CPU
		{F1105473-9F80-47AC-9A18-EBD2D01D7496}.Debug|Any CPU.Build.0 = Debug|Any CPU
		{F1105473-9F80-47AC-9A18-EBD2D01D7496}.Release|Any CPU.ActiveCfg = Release|Any CPU
		{F1105473-9F80-47AC-9A18-EBD2D01D7496}.Release|Any CPU.Build.0 = Release|Any CPU
		{514C8EEE-84EC-45CE-98E9-17811E52CCC6}.Debug|Any CPU.ActiveCfg = Debug|Any CPU
		{514C8EEE-84EC-45CE-98E9-17811E52CCC6}.Debug|Any CPU.Build.0 = Debug|Any CPU
		{514C8EEE-84EC-45CE-98E9-17811E52CCC6}.Release|Any CPU.ActiveCfg = Release|Any CPU
		{514C8EEE-84EC-45CE-98E9-17811E52CCC6}.Release|Any CPU.Build.0 = Release|Any CPU
		{F068A95D-CBD3-445D-A65D-8C7107517566}.Debug|Any CPU.ActiveCfg = Debug|Any CPU
		{F068A95D-CBD3-445D-A65D-8C7107517566}.Debug|Any CPU.Build.0 = Debug|Any CPU
		{F068A95D-CBD3-445D-A65D-8C7107517566}.Release|Any CPU.ActiveCfg = Release|Any CPU
		{F068A95D-CBD3-445D-A65D-8C7107517566}.Release|Any CPU.Build.0 = Release|Any CPU
		{58444463-88CA-4969-BA4B-65E2C1BD3CEC}.Debug|Any CPU.ActiveCfg = Debug|Any CPU
		{58444463-88CA-4969-BA4B-65E2C1BD3CEC}.Debug|Any CPU.Build.0 = Debug|Any CPU
		{58444463-88CA-4969-BA4B-65E2C1BD3CEC}.Release|Any CPU.ActiveCfg = Release|Any CPU
		{58444463-88CA-4969-BA4B-65E2C1BD3CEC}.Release|Any CPU.Build.0 = Release|Any CPU
		{0BBC55F9-651A-412D-AEDD-00E206B0D105}.Debug|Any CPU.ActiveCfg = Debug|Any CPU
		{0BBC55F9-651A-412D-AEDD-00E206B0D105}.Debug|Any CPU.Build.0 = Debug|Any CPU
		{0BBC55F9-651A-412D-AEDD-00E206B0D105}.Release|Any CPU.ActiveCfg = Release|Any CPU
		{0BBC55F9-651A-412D-AEDD-00E206B0D105}.Release|Any CPU.Build.0 = Release|Any CPU
	EndGlobalSection
	GlobalSection(NestedProjects) = preSolution
		{20CA1FD3-A23B-4F12-ADA5-C3B759814F9D} = {46008B91-6EC0-448B-8D1A-D8C6D2EEBEF4}
		{0A088B3F-59FA-4C1F-BABC-29A4FAA40AC9} = {46008B91-6EC0-448B-8D1A-D8C6D2EEBEF4}
		{0752B757-CD90-4E6F-A7C9-6143F72B5FDF} = {46008B91-6EC0-448B-8D1A-D8C6D2EEBEF4}
		{28B677AF-5EF7-4941-9C72-5CB3E7BB6FD3} = {46008B91-6EC0-448B-8D1A-D8C6D2EEBEF4}
		{89861970-C0D5-4DD0-BDD2-C64AAA8CC1DF} = {E366B339-935D-4EFA-95D7-21FBBE9809C6}
		{97791A09-0B9E-4EAD-8852-C25E613680B7} = {E366B339-935D-4EFA-95D7-21FBBE9809C6}
		{8F1965DF-274B-4231-84F3-5F1B8DECF71F} = {E366B339-935D-4EFA-95D7-21FBBE9809C6}
		{C2593525-266E-4D56-AD26-BB0021CC0DB5} = {E366B339-935D-4EFA-95D7-21FBBE9809C6}
		{9C0C0B0B-0A33-4154-9DC9-BF91FD036160} = {E366B339-935D-4EFA-95D7-21FBBE9809C6}
		{523EFE3E-9D05-4885-BCFA-44643C0F2827} = {E366B339-935D-4EFA-95D7-21FBBE9809C6}
		{2338C712-1EA2-4294-A6CD-C86084C9A970} = {E366B339-935D-4EFA-95D7-21FBBE9809C6}
		{FF95819C-78AC-4F64-9826-A102DB38757B} = {46008B91-6EC0-448B-8D1A-D8C6D2EEBEF4}
		{FD54373A-82AE-4F5B-BD23-890824DED9DA} = {46008B91-6EC0-448B-8D1A-D8C6D2EEBEF4}
		{5BA66C26-D31B-4400-8458-A635245077E9} = {E366B339-935D-4EFA-95D7-21FBBE9809C6}
		{F1105473-9F80-47AC-9A18-EBD2D01D7496} = {AA1E7726-FCAD-4C18-A78D-A7F3E3C45A69}
		{514C8EEE-84EC-45CE-98E9-17811E52CCC6} = {AA1E7726-FCAD-4C18-A78D-A7F3E3C45A69}
		{F068A95D-CBD3-445D-A65D-8C7107517566} = {AA1E7726-FCAD-4C18-A78D-A7F3E3C45A69}
		{58444463-88CA-4969-BA4B-65E2C1BD3CEC} = {AA1E7726-FCAD-4C18-A78D-A7F3E3C45A69}
		{0BBC55F9-651A-412D-AEDD-00E206B0D105} = {AA1E7726-FCAD-4C18-A78D-A7F3E3C45A69}
	EndGlobalSection
EndGlobal
